
Microsoft Visual Studio Solution File, Format Version 12.00
# Visual Studio 2013
VisualStudioVersion = 12.0.21005.1
MinimumVisualStudioVersion = 10.0.40219.1
Project("{FAE04EC0-301F-11D3-BF4B-00C04F79EFBC}") = "PgnReader", "PgnReader\PgnReader.csproj", "{D1006074-E54B-4F12-808A-378BFFC16686}"
EndProject
Project("{FAE04EC0-301F-11D3-BF4B-00C04F79EFBC}") = "PgnReaderTest", "PgnReaderTest\PgnReaderTest.csproj", "{1822FB06-19A4-4B33-A1C6-474DBC6859AB}"
EndProject
Global
	GlobalSection(SolutionConfigurationPlatforms) = preSolution
		Debug|Any CPU = Debug|Any CPU
		Release|Any CPU = Release|Any CPU
	EndGlobalSection
	GlobalSection(ProjectConfigurationPlatforms) = postSolution
		{D1006074-E54B-4F12-808A-378BFFC16686}.Debug|Any CPU.ActiveCfg = Debug|Any CPU
		{D1006074-E54B-4F12-808A-378BFFC16686}.Debug|Any CPU.Build.0 = Debug|Any CPU
		{D1006074-E54B-4F12-808A-378BFFC16686}.Release|Any CPU.ActiveCfg = Release|Any CPU
		{D1006074-E54B-4F12-808A-378BFFC16686}.Release|Any CPU.Build.0 = Release|Any CPU
		{1822FB06-19A4-4B33-A1C6-474DBC6859AB}.Debug|Any CPU.ActiveCfg = Debug|Any CPU
		{1822FB06-19A4-4B33-A1C6-474DBC6859AB}.Debug|Any CPU.Build.0 = Debug|Any CPU
		{1822FB06-19A4-4B33-A1C6-474DBC6859AB}.Release|Any CPU.ActiveCfg = Release|Any CPU
		{1822FB06-19A4-4B33-A1C6-474DBC6859AB}.Release|Any CPU.Build.0 = Release|Any CPU
	EndGlobalSection
	GlobalSection(SolutionProperties) = preSolution
		HideSolutionNode = FALSE
	EndGlobalSection
EndGlobal
